
Microsoft Visual Studio Solution File, Format Version 12.00
# Visual Studio Version 17
VisualStudioVersion = 17.13.35919.96 d17.13
MinimumVisualStudioVersion = 10.0.40219.1
Project("{FAE04EC0-301F-11D3-BF4B-00C04F79EFBC}") = "EchoEnglish", "EchoEnglish\EchoEnglish.csproj", "{5917276A-1F61-4B56-8F7B-1909737C029D}"
EndProject
Global
	GlobalSection(SolutionConfigurationPlatforms) = preSolution
		Debug|Any CPU = Debug|Any CPU
		Release|Any CPU = Release|Any CPU
	EndGlobalSection
	GlobalSection(ProjectConfigurationPlatforms) = postSolution
		{5917276A-1F61-4B56-8F7B-1909737C029D}.Debug|Any CPU.ActiveCfg = Debug|Any CPU
		{5917276A-1F61-4B56-8F7B-1909737C029D}.Debug|Any CPU.Build.0 = Debug|Any CPU
		{5917276A-1F61-4B56-8F7B-1909737C029D}.Debug|Any CPU.Deploy.0 = Debug|Any CPU
		{5917276A-1F61-4B56-8F7B-1909737C029D}.Release|Any CPU.ActiveCfg = Release|Any CPU
		{5917276A-1F61-4B56-8F7B-1909737C029D}.Release|Any CPU.Build.0 = Release|Any CPU
		{5917276A-1F61-4B56-8F7B-1909737C029D}.Release|Any CPU.Deploy.0 = Release|Any CPU
	EndGlobalSection
	GlobalSection(SolutionProperties) = preSolution
		HideSolutionNode = FALSE
	EndGlobalSection
	GlobalSection(ExtensibilityGlobals) = postSolution
		SolutionGuid = {ABC7714D-FDD7-44D2-9A27-0192A00C8462}
	EndGlobalSection
EndGlobal
